
Microsoft Visual Studio Solution File, Format Version 12.00
# Visual Studio 2013
VisualStudioVersion = 12.0.21005.1
MinimumVisualStudioVersion = 10.0.40219.1
Project("{FAE04EC0-301F-11D3-BF4B-00C04F79EFBC}") = "01_IISOWINHost", "1_IISOWINHost\01_IISOWINHost.csproj", "{76DE6780-7706-4875-9AA1-704BE84B162A}"
EndProject
Project("{FAE04EC0-301F-11D3-BF4B-00C04F79EFBC}") = "02_SelfOWINHost", "2_SelfOWINHost\02_SelfOWINHost.csproj", "{91C21153-1CBC-4E0B-91D1-81B68882A1ED}"
EndProject
Project("{FAE04EC0-301F-11D3-BF4B-00C04F79EFBC}") = "03_OWINStartupClassDetection", "3_OWINStartupClassDetection\03_OWINStartupClassDetection.csproj", "{1E43AC7B-4B46-470C-BF72-6403E1E523EB}"
EndProject
Project("{FAE04EC0-301F-11D3-BF4B-00C04F79EFBC}") = "04_KatanaWindowsAuth", "4_KatanaWindowsAuth\04_KatanaWindowsAuth.csproj", "{E7163A67-CDD0-4FF8-9022-D3EAE5E32737}"
EndProject
Project("{FAE04EC0-301F-11D3-BF4B-00C04F79EFBC}") = "05_KatanaASPNETWebAPI", "5_KatanaASPNETWebAPI\05_KatanaASPNETWebAPI.csproj", "{70D154A2-989F-4E8A-B730-783BB97F1B3B}"
EndProject
Project("{FAE04EC0-301F-11D3-BF4B-00C04F79EFBC}") = "06_KatanaConsoleHost", "6_KatanaConsoleHost\06_KatanaConsoleHost.csproj", "{F9F4344F-5AC0-4BD4-A794-FD1C68D82274}"
EndProject
Project("{FAE04EC0-301F-11D3-BF4B-00C04F79EFBC}") = "07_KatanaNancyFX", "7_KatanaNancyFX\07_KatanaNancyFX.csproj", "{E4B860D7-816C-46D8-9F81-4EF32750419A}"
EndProject
Project("{FAE04EC0-301F-11D3-BF4B-00C04F79EFBC}") = "08_BigKatana", "8_BigKatana\08_BigKatana.csproj", "{DAE5FF27-1D54-487C-B319-FBDFAA89F20A}"
EndProject
Project("{2150E333-8FDC-42A3-9474-1A3956D46DE8}") = ".nuget", ".nuget", "{8DC058EB-840A-4481-B3DD-484D8203D643}"
	ProjectSection(SolutionItems) = preProject
		.nuget\NuGet.Config = .nuget\NuGet.Config
		.nuget\NuGet.exe = .nuget\NuGet.exe
		.nuget\NuGet.targets = .nuget\NuGet.targets
	EndProjectSection
EndProject
Project("{FAE04EC0-301F-11D3-BF4B-00C04F79EFBC}") = "09_ASPNETWebAPIOWINSelfHost", "9_ASPNETWebAPIOWINSelfHost\09_ASPNETWebAPIOWINSelfHost.csproj", "{841F706A-9B00-4971-AAB9-4EFB22947FD2}"
EndProject
Project("{FAE04EC0-301F-11D3-BF4B-00C04F79EFBC}") = "10_OWINMiddlewareInIISPipeline", "10_OWINMiddlewareInIISPipeline\10_OWINMiddlewareInIISPipeline.csproj", "{6411F3D6-C5A3-4BD2-8FE3-524359FB42CB}"
EndProject
Project("{FAE04EC0-301F-11D3-BF4B-00C04F79EFBC}") = "11_OWINStartupClassDetection", "11_OWINStartupClassDetection\11_OWINStartupClassDetection.csproj", "{3ADAEF73-CC70-42C7-9841-224152E86AC9}"
EndProject
Project("{FAE04EC0-301F-11D3-BF4B-00C04F79EFBC}") = "12_KatanaSignalRSelfHosted", "12_KatanaSignalRSelfHosted\12_KatanaSignalRSelfHosted.csproj", "{FDB17731-2C2B-4E3A-AE9D-AC1A534BDB44}"
EndProject
Project("{FAE04EC0-301F-11D3-BF4B-00C04F79EFBC}") = "14_OWINHostAndVisualStudioIntegration", "14_OWINHostAndVisualStudioIntegration\14_OWINHostAndVisualStudioIntegration.csproj", "{79994D41-BE93-4D5B-BF34-708220FD23A1}"
EndProject
Project("{FAE04EC0-301F-11D3-BF4B-00C04F79EFBC}") = "13_KatanaLogging", "13_KatanaLogging\13_KatanaLogging.csproj", "{6C78916F-5B71-4039-B1D6-E0468AFDF8BE}"
EndProject
Project("{FAE04EC0-301F-11D3-BF4B-00C04F79EFBC}") = "15_NancyOwinTutorial", "15_NancyOwinTutorial\15_NancyOwinTutorial.csproj", "{129A7F99-C328-4A8F-9A32-F318C54B2140}"
EndProject
Project("{FAE04EC0-301F-11D3-BF4B-00C04F79EFBC}") = "16_NancyOwinTutorial.Tests", "16_NancyOwinTutorialTesting\16_NancyOwinTutorial.Tests.csproj", "{A5D79C2A-ECF4-4FC5-B291-DC673A5A2F82}"
EndProject
Global
	GlobalSection(SolutionConfigurationPlatforms) = preSolution
		Debug|Any CPU = Debug|Any CPU
		Release|Any CPU = Release|Any CPU
	EndGlobalSection
	GlobalSection(ProjectConfigurationPlatforms) = postSolution
		{76DE6780-7706-4875-9AA1-704BE84B162A}.Debug|Any CPU.ActiveCfg = Debug|Any CPU
		{76DE6780-7706-4875-9AA1-704BE84B162A}.Debug|Any CPU.Build.0 = Debug|Any CPU
		{76DE6780-7706-4875-9AA1-704BE84B162A}.Release|Any CPU.ActiveCfg = Release|Any CPU
		{76DE6780-7706-4875-9AA1-704BE84B162A}.Release|Any CPU.Build.0 = Release|Any CPU
		{91C21153-1CBC-4E0B-91D1-81B68882A1ED}.Debug|Any CPU.ActiveCfg = Debug|Any CPU
		{91C21153-1CBC-4E0B-91D1-81B68882A1ED}.Debug|Any CPU.Build.0 = Debug|Any CPU
		{91C21153-1CBC-4E0B-91D1-81B68882A1ED}.Release|Any CPU.ActiveCfg = Release|Any CPU
		{91C21153-1CBC-4E0B-91D1-81B68882A1ED}.Release|Any CPU.Build.0 = Release|Any CPU
		{1E43AC7B-4B46-470C-BF72-6403E1E523EB}.Debug|Any CPU.ActiveCfg = Debug|Any CPU
		{1E43AC7B-4B46-470C-BF72-6403E1E523EB}.Debug|Any CPU.Build.0 = Debug|Any CPU
		{1E43AC7B-4B46-470C-BF72-6403E1E523EB}.Release|Any CPU.ActiveCfg = Release|Any CPU
		{1E43AC7B-4B46-470C-BF72-6403E1E523EB}.Release|Any CPU.Build.0 = Release|Any CPU
		{E7163A67-CDD0-4FF8-9022-D3EAE5E32737}.Debug|Any CPU.ActiveCfg = Debug|Any CPU
		{E7163A67-CDD0-4FF8-9022-D3EAE5E32737}.Debug|Any CPU.Build.0 = Debug|Any CPU
		{E7163A67-CDD0-4FF8-9022-D3EAE5E32737}.Release|Any CPU.ActiveCfg = Release|Any CPU
		{E7163A67-CDD0-4FF8-9022-D3EAE5E32737}.Release|Any CPU.Build.0 = Release|Any CPU
		{70D154A2-989F-4E8A-B730-783BB97F1B3B}.Debug|Any CPU.ActiveCfg = Debug|Any CPU
		{70D154A2-989F-4E8A-B730-783BB97F1B3B}.Debug|Any CPU.Build.0 = Debug|Any CPU
		{70D154A2-989F-4E8A-B730-783BB97F1B3B}.Release|Any CPU.ActiveCfg = Release|Any CPU
		{70D154A2-989F-4E8A-B730-783BB97F1B3B}.Release|Any CPU.Build.0 = Release|Any CPU
		{F9F4344F-5AC0-4BD4-A794-FD1C68D82274}.Debug|Any CPU.ActiveCfg = Debug|Any CPU
		{F9F4344F-5AC0-4BD4-A794-FD1C68D82274}.Debug|Any CPU.Build.0 = Debug|Any CPU
		{F9F4344F-5AC0-4BD4-A794-FD1C68D82274}.Release|Any CPU.ActiveCfg = Release|Any CPU
		{F9F4344F-5AC0-4BD4-A794-FD1C68D82274}.Release|Any CPU.Build.0 = Release|Any CPU
		{E4B860D7-816C-46D8-9F81-4EF32750419A}.Debug|Any CPU.ActiveCfg = Debug|Any CPU
		{E4B860D7-816C-46D8-9F81-4EF32750419A}.Debug|Any CPU.Build.0 = Debug|Any CPU
		{E4B860D7-816C-46D8-9F81-4EF32750419A}.Release|Any CPU.ActiveCfg = Release|Any CPU
		{E4B860D7-816C-46D8-9F81-4EF32750419A}.Release|Any CPU.Build.0 = Release|Any CPU
		{DAE5FF27-1D54-487C-B319-FBDFAA89F20A}.Debug|Any CPU.ActiveCfg = Debug|Any CPU
		{DAE5FF27-1D54-487C-B319-FBDFAA89F20A}.Debug|Any CPU.Build.0 = Debug|Any CPU
		{DAE5FF27-1D54-487C-B319-FBDFAA89F20A}.Release|Any CPU.ActiveCfg = Release|Any CPU
		{DAE5FF27-1D54-487C-B319-FBDFAA89F20A}.Release|Any CPU.Build.0 = Release|Any CPU
		{841F706A-9B00-4971-AAB9-4EFB22947FD2}.Debug|Any CPU.ActiveCfg = Debug|Any CPU
		{841F706A-9B00-4971-AAB9-4EFB22947FD2}.Debug|Any CPU.Build.0 = Debug|Any CPU
		{841F706A-9B00-4971-AAB9-4EFB22947FD2}.Release|Any CPU.ActiveCfg = Release|Any CPU
		{841F706A-9B00-4971-AAB9-4EFB22947FD2}.Release|Any CPU.Build.0 = Release|Any CPU
		{6411F3D6-C5A3-4BD2-8FE3-524359FB42CB}.Debug|Any CPU.ActiveCfg = Debug|Any CPU
		{6411F3D6-C5A3-4BD2-8FE3-524359FB42CB}.Debug|Any CPU.Build.0 = Debug|Any CPU
		{6411F3D6-C5A3-4BD2-8FE3-524359FB42CB}.Release|Any CPU.ActiveCfg = Release|Any CPU
		{6411F3D6-C5A3-4BD2-8FE3-524359FB42CB}.Release|Any CPU.Build.0 = Release|Any CPU
		{3ADAEF73-CC70-42C7-9841-224152E86AC9}.Debug|Any CPU.ActiveCfg = Debug|Any CPU
		{3ADAEF73-CC70-42C7-9841-224152E86AC9}.Debug|Any CPU.Build.0 = Debug|Any CPU
		{3ADAEF73-CC70-42C7-9841-224152E86AC9}.Release|Any CPU.ActiveCfg = Release|Any CPU
		{3ADAEF73-CC70-42C7-9841-224152E86AC9}.Release|Any CPU.Build.0 = Release|Any CPU
		{FDB17731-2C2B-4E3A-AE9D-AC1A534BDB44}.Debug|Any CPU.ActiveCfg = Debug|Any CPU
		{FDB17731-2C2B-4E3A-AE9D-AC1A534BDB44}.Debug|Any CPU.Build.0 = Debug|Any CPU
		{FDB17731-2C2B-4E3A-AE9D-AC1A534BDB44}.Release|Any CPU.ActiveCfg = Release|Any CPU
		{FDB17731-2C2B-4E3A-AE9D-AC1A534BDB44}.Release|Any CPU.Build.0 = Release|Any CPU
		{79994D41-BE93-4D5B-BF34-708220FD23A1}.Debug|Any CPU.ActiveCfg = Debug|Any CPU
		{79994D41-BE93-4D5B-BF34-708220FD23A1}.Debug|Any CPU.Build.0 = Debug|Any CPU
		{79994D41-BE93-4D5B-BF34-708220FD23A1}.Release|Any CPU.ActiveCfg = Release|Any CPU
		{79994D41-BE93-4D5B-BF34-708220FD23A1}.Release|Any CPU.Build.0 = Release|Any CPU
		{6C78916F-5B71-4039-B1D6-E0468AFDF8BE}.Debug|Any CPU.ActiveCfg = Debug|Any CPU
		{6C78916F-5B71-4039-B1D6-E0468AFDF8BE}.Debug|Any CPU.Build.0 = Debug|Any CPU
		{6C78916F-5B71-4039-B1D6-E0468AFDF8BE}.Release|Any CPU.ActiveCfg = Release|Any CPU
		{6C78916F-5B71-4039-B1D6-E0468AFDF8BE}.Release|Any CPU.Build.0 = Release|Any CPU
		{129A7F99-C328-4A8F-9A32-F318C54B2140}.Debug|Any CPU.ActiveCfg = Debug|Any CPU
		{129A7F99-C328-4A8F-9A32-F318C54B2140}.Debug|Any CPU.Build.0 = Debug|Any CPU
		{129A7F99-C328-4A8F-9A32-F318C54B2140}.Release|Any CPU.ActiveCfg = Release|Any CPU
		{129A7F99-C328-4A8F-9A32-F318C54B2140}.Release|Any CPU.Build.0 = Release|Any CPU
		{A5D79C2A-ECF4-4FC5-B291-DC673A5A2F82}.Debug|Any CPU.ActiveCfg = Debug|Any CPU
		{A5D79C2A-ECF4-4FC5-B291-DC673A5A2F82}.Debug|Any CPU.Build.0 = Debug|Any CPU
		{A5D79C2A-ECF4-4FC5-B291-DC673A5A2F82}.Release|Any CPU.ActiveCfg = Release|Any CPU
		{A5D79C2A-ECF4-4FC5-B291-DC673A5A2F82}.Release|Any CPU.Build.0 = Release|Any CPU
	EndGlobalSection
	GlobalSection(SolutionProperties) = preSolution
		HideSolutionNode = FALSE
	EndGlobalSection
EndGlobal
